
Microsoft Visual Studio Solution File, Format Version 12.00
# Visual Studio Version 17
VisualStudioVersion = 17.5.002.0
MinimumVisualStudioVersion = 10.0.40219.1
Project("{9A19103F-16F7-4668-BE54-9A1E7A4F7556}") = "dav-pos-net", "dav-pos-net.csproj", "{CE92C9D3-DA99-4EDC-8504-7EC861F9D2F0}"
EndProject
Global
	GlobalSection(SolutionConfigurationPlatforms) = preSolution
		Debug|Any CPU = Debug|Any CPU
		Release|Any CPU = Release|Any CPU
	EndGlobalSection
	GlobalSection(ProjectConfigurationPlatforms) = postSolution
		{CE92C9D3-DA99-4EDC-8504-7EC861F9D2F0}.Debug|Any CPU.ActiveCfg = Debug|Any CPU
		{CE92C9D3-DA99-4EDC-8504-7EC861F9D2F0}.Debug|Any CPU.Build.0 = Debug|Any CPU
		{CE92C9D3-DA99-4EDC-8504-7EC861F9D2F0}.Release|Any CPU.ActiveCfg = Release|Any CPU
		{CE92C9D3-DA99-4EDC-8504-7EC861F9D2F0}.Release|Any CPU.Build.0 = Release|Any CPU
	EndGlobalSection
	GlobalSection(SolutionProperties) = preSolution
		HideSolutionNode = FALSE
	EndGlobalSection
	GlobalSection(ExtensibilityGlobals) = postSolution
		SolutionGuid = {5EDD56AB-C9CC-42AF-B339-7BC7734CF67A}
	EndGlobalSection
EndGlobal
